
Microsoft Visual Studio Solution File, Format Version 12.00
# Visual Studio Version 16
VisualStudioVersion = 16.0.30611.23
MinimumVisualStudioVersion = 10.0.40219.1
Project("{888888A0-9F3D-457C-B088-3A5042F75D52}") = "LABA.1", "LABA.1\LABA.1.pyproj", "{E8373137-25DC-42CA-A6B9-CD266BC7CF2B}"
EndProject
Global
	GlobalSection(SolutionConfigurationPlatforms) = preSolution
		Debug|Any CPU = Debug|Any CPU
		Release|Any CPU = Release|Any CPU
	EndGlobalSection
	GlobalSection(ProjectConfigurationPlatforms) = postSolution
		{E8373137-25DC-42CA-A6B9-CD266BC7CF2B}.Debug|Any CPU.ActiveCfg = Debug|Any CPU
		{E8373137-25DC-42CA-A6B9-CD266BC7CF2B}.Release|Any CPU.ActiveCfg = Release|Any CPU
	EndGlobalSection
	GlobalSection(SolutionProperties) = preSolution
		HideSolutionNode = FALSE
	EndGlobalSection
	GlobalSection(ExtensibilityGlobals) = postSolution
		SolutionGuid = {15D236BE-AE3F-49A9-9F4B-80D4102CCCF2}
	EndGlobalSection
EndGlobal
